
Microsoft Visual Studio Solution File, Format Version 12.00
# Visual Studio Version 17
VisualStudioVersion = 17.12.35527.113 d17.12
MinimumVisualStudioVersion = 10.0.40219.1
Project("{FAE04EC0-301F-11D3-BF4B-00C04F79EFBC}") = "TIC_IPG203", "TIC_IPG203\TIC_IPG203.csproj", "{DB6EFFE1-CED1-495B-AC5C-A9833D9318C0}"
EndProject
Global
	GlobalSection(SolutionConfigurationPlatforms) = preSolution
		Debug|Any CPU = Debug|Any CPU
		Release|Any CPU = Release|Any CPU
	EndGlobalSection
	GlobalSection(ProjectConfigurationPlatforms) = postSolution
		{DB6EFFE1-CED1-495B-AC5C-A9833D9318C0}.Debug|Any CPU.ActiveCfg = Debug|Any CPU
		{DB6EFFE1-CED1-495B-AC5C-A9833D9318C0}.Debug|Any CPU.Build.0 = Debug|Any CPU
		{DB6EFFE1-CED1-495B-AC5C-A9833D9318C0}.Release|Any CPU.ActiveCfg = Release|Any CPU
		{DB6EFFE1-CED1-495B-AC5C-A9833D9318C0}.Release|Any CPU.Build.0 = Release|Any CPU
	EndGlobalSection
	GlobalSection(SolutionProperties) = preSolution
		HideSolutionNode = FALSE
	EndGlobalSection
EndGlobal
